// !$*UTF8*$!
{
	archiveVersion = 1;
	classes = {
	};
	objectVersion = 56;
	objects = {

/* Begin PBXBuildFile section */
		5B0783AA2C11622E00A9E08A /* BarBtnItemsModel.swift in Sources */ = {isa = PBXBuildFile; fileRef = 5B0783A92C11622E00A9E08A /* BarBtnItemsModel.swift */; };
		5B7C7C102C0D9F44005AE8C6 /* ConVideoFrameView.swift in Sources */ = {isa = PBXBuildFile; fileRef = 5B7C7C0F2C0D9F44005AE8C6 /* ConVideoFrameView.swift */; };
		5BDAA45B2C0B1908007DD2ED /* AppDelegate.swift in Sources */ = {isa = PBXBuildFile; fileRef = 5BDAA45A2C0B1908007DD2ED /* AppDelegate.swift */; };
		5BDAA45D2C0B1908007DD2ED /* SceneDelegate.swift in Sources */ = {isa = PBXBuildFile; fileRef = 5BDAA45C2C0B1908007DD2ED /* SceneDelegate.swift */; };
		5BDAA4622C0B1908007DD2ED /* Base in Resources */ = {isa = PBXBuildFile; fileRef = 5BDAA4612C0B1908007DD2ED /* Base */; };
		5BDAA4642C0B1909007DD2ED /* Assets.xcassets in Resources */ = {isa = PBXBuildFile; fileRef = 5BDAA4632C0B1909007DD2ED /* Assets.xcassets */; };
		5BDAA4672C0B1909007DD2ED /* Base in Resources */ = {isa = PBXBuildFile; fileRef = 5BDAA4662C0B1909007DD2ED /* Base */; };
		5BDAA4722C0B1909007DD2ED /* YoutubeToMVVMTests.swift in Sources */ = {isa = PBXBuildFile; fileRef = 5BDAA4712C0B1909007DD2ED /* YoutubeToMVVMTests.swift */; };
		5BDAA47C2C0B1909007DD2ED /* YoutubeToMVVMUITests.swift in Sources */ = {isa = PBXBuildFile; fileRef = 5BDAA47B2C0B1909007DD2ED /* YoutubeToMVVMUITests.swift */; };
		5BDAA47E2C0B1909007DD2ED /* YoutubeToMVVMUITestsLaunchTests.swift in Sources */ = {isa = PBXBuildFile; fileRef = 5BDAA47D2C0B1909007DD2ED /* YoutubeToMVVMUITestsLaunchTests.swift */; };
		5BDAA4B82C0B198D007DD2ED /* STVWelcome.swift in Sources */ = {isa = PBXBuildFile; fileRef = 5BDAA48B2C0B198D007DD2ED /* STVWelcome.swift */; };
		5BDAA4B92C0B198D007DD2ED /* Welcome.swift in Sources */ = {isa = PBXBuildFile; fileRef = 5BDAA48C2C0B198D007DD2ED /* Welcome.swift */; };
		5BDAA4BA2C0B198D007DD2ED /* ContainerVC.swift in Sources */ = {isa = PBXBuildFile; fileRef = 5BDAA48E2C0B198D007DD2ED /* ContainerVC.swift */; };
		5BDAA4BC2C0B198D007DD2ED /* UIViewController+Additions.swift in Sources */ = {isa = PBXBuildFile; fileRef = 5BDAA4912C0B198D007DD2ED /* UIViewController+Additions.swift */; };
		5BDAA4BD2C0B198D007DD2ED /* Observable.swift in Sources */ = {isa = PBXBuildFile; fileRef = 5BDAA4932C0B198D007DD2ED /* Observable.swift */; };
		5BDAA4BE2C0B198D007DD2ED /* SlideInTransition.swift in Sources */ = {isa = PBXBuildFile; fileRef = 5BDAA4942C0B198D007DD2ED /* SlideInTransition.swift */; };
		5BDAA4C02C0B198D007DD2ED /* ContentHeaderView.swift in Sources */ = {isa = PBXBuildFile; fileRef = 5BDAA4982C0B198D007DD2ED /* ContentHeaderView.swift */; };
		5BDAA4C12C0B198D007DD2ED /* ContentTableViewCell.swift in Sources */ = {isa = PBXBuildFile; fileRef = 5BDAA4992C0B198D007DD2ED /* ContentTableViewCell.swift */; };
		5BDAA4C22C0B198D007DD2ED /* ContentTopView.swift in Sources */ = {isa = PBXBuildFile; fileRef = 5BDAA49A2C0B198D007DD2ED /* ContentTopView.swift */; };
		5BDAA4C32C0B198D007DD2ED /* HomeShortsFrameCollectionView.swift in Sources */ = {isa = PBXBuildFile; fileRef = 5BDAA49C2C0B198D007DD2ED /* HomeShortsFrameCollectionView.swift */; };
		5BDAA4C42C0B198D007DD2ED /* MenuVC.swift in Sources */ = {isa = PBXBuildFile; fileRef = 5BDAA49D2C0B198D007DD2ED /* MenuVC.swift */; };
		5BDAA4C52C0B198D007DD2ED /* NotificationCustomView.swift in Sources */ = {isa = PBXBuildFile; fileRef = 5BDAA49E2C0B198D007DD2ED /* NotificationCustomView.swift */; };
		5BDAA4C62C0B198D007DD2ED /* NotificationLogVC.swift in Sources */ = {isa = PBXBuildFile; fileRef = 5BDAA49F2C0B198D007DD2ED /* NotificationLogVC.swift */; };
		5BDAA4C72C0B198D007DD2ED /* NotificationTableViewCell.swift in Sources */ = {isa = PBXBuildFile; fileRef = 5BDAA4A02C0B198D007DD2ED /* NotificationTableViewCell.swift */; };
		5BDAA4C82C0B198D007DD2ED /* NotificationTopButtonCollectionCell.swift in Sources */ = {isa = PBXBuildFile; fileRef = 5BDAA4A12C0B198D007DD2ED /* NotificationTopButtonCollectionCell.swift */; };
		5BDAA4C92C0B198D007DD2ED /* SearchVC.swift in Sources */ = {isa = PBXBuildFile; fileRef = 5BDAA4A22C0B198D007DD2ED /* SearchVC.swift */; };
		5BDAA4CA2C0B198D007DD2ED /* ShortsBtnView.swift in Sources */ = {isa = PBXBuildFile; fileRef = 5BDAA4A42C0B198D007DD2ED /* ShortsBtnView.swift */; };
		5BDAA4CB2C0B198D007DD2ED /* ShortsEmojiBtnView.swift in Sources */ = {isa = PBXBuildFile; fileRef = 5BDAA4A52C0B198D007DD2ED /* ShortsEmojiBtnView.swift */; };
		5BDAA4CC2C0B198D007DD2ED /* ShortsTableViewCell.swift in Sources */ = {isa = PBXBuildFile; fileRef = 5BDAA4A62C0B198D007DD2ED /* ShortsTableViewCell.swift */; };
		5BDAA4CD2C0B198D007DD2ED /* SubscribeHoriCollectionView.swift in Sources */ = {isa = PBXBuildFile; fileRef = 5BDAA4A82C0B198D007DD2ED /* SubscribeHoriCollectionView.swift */; };
		5BDAA4CE2C0B198D007DD2ED /* SubscribeSecItemView.swift in Sources */ = {isa = PBXBuildFile; fileRef = 5BDAA4A92C0B198D007DD2ED /* SubscribeSecItemView.swift */; };
		5BDAA4CF2C0B198D007DD2ED /* AddVC.swift in Sources */ = {isa = PBXBuildFile; fileRef = 5BDAA4AB2C0B198D007DD2ED /* AddVC.swift */; };
		5BDAA4D02C0B198D007DD2ED /* BaseViewController.swift in Sources */ = {isa = PBXBuildFile; fileRef = 5BDAA4AC2C0B198D007DD2ED /* BaseViewController.swift */; };
		5BDAA4D12C0B198D007DD2ED /* ButtonCollectionViewCell.swift in Sources */ = {isa = PBXBuildFile; fileRef = 5BDAA4AD2C0B198D007DD2ED /* ButtonCollectionViewCell.swift */; };
		5BDAA4D22C0B198D007DD2ED /* ContentTableViewController.swift in Sources */ = {isa = PBXBuildFile; fileRef = 5BDAA4AE2C0B198D007DD2ED /* ContentTableViewController.swift */; };
		5BDAA4D32C0B198D007DD2ED /* HomeVC.swift in Sources */ = {isa = PBXBuildFile; fileRef = 5BDAA4AF2C0B198D007DD2ED /* HomeVC.swift */; };
		5BDAA4D42C0B198D007DD2ED /* MainTabBarController.swift in Sources */ = {isa = PBXBuildFile; fileRef = 5BDAA4B02C0B198D007DD2ED /* MainTabBarController.swift */; };
		5BDAA4D62C0B198D007DD2ED /* ShortsCollectionViewCell.swift in Sources */ = {isa = PBXBuildFile; fileRef = 5BDAA4B22C0B198D007DD2ED /* ShortsCollectionViewCell.swift */; };
		5BDAA4D72C0B198D007DD2ED /* ShortsTableViewController.swift in Sources */ = {isa = PBXBuildFile; fileRef = 5BDAA4B32C0B198D007DD2ED /* ShortsTableViewController.swift */; };
		5BDAA4D82C0B198D007DD2ED /* SubscribeVC.swift in Sources */ = {isa = PBXBuildFile; fileRef = 5BDAA4B42C0B198D007DD2ED /* SubscribeVC.swift */; };
		5BDAA4D92C0B198D007DD2ED /* VideoFrameView.swift in Sources */ = {isa = PBXBuildFile; fileRef = 5BDAA4B52C0B198D007DD2ED /* VideoFrameView.swift */; };
		5BEA70942C1221F500F4155F /* ContentTableViewModel.swift in Sources */ = {isa = PBXBuildFile; fileRef = 5BEA70932C1221F500F4155F /* ContentTableViewModel.swift */; };
/* End PBXBuildFile section */

/* Begin PBXContainerItemProxy section */
		5BDAA46E2C0B1909007DD2ED /* PBXContainerItemProxy */ = {
			isa = PBXContainerItemProxy;
			containerPortal = 5BDAA44F2C0B1908007DD2ED /* Project object */;
			proxyType = 1;
			remoteGlobalIDString = 5BDAA4562C0B1908007DD2ED;
			remoteInfo = YoutubeToMVVC;
		};
		5BDAA4782C0B1909007DD2ED /* PBXContainerItemProxy */ = {
			isa = PBXContainerItemProxy;
			containerPortal = 5BDAA44F2C0B1908007DD2ED /* Project object */;
			proxyType = 1;
			remoteGlobalIDString = 5BDAA4562C0B1908007DD2ED;
			remoteInfo = YoutubeToMVVC;
		};
/* End PBXContainerItemProxy section */

/* Begin PBXFileReference section */
		5B0783A92C11622E00A9E08A /* BarBtnItemsModel.swift */ = {isa = PBXFileReference; lastKnownFileType = sourcecode.swift; path = BarBtnItemsModel.swift; sourceTree = "<group>"; };
		5B7C7C0F2C0D9F44005AE8C6 /* ConVideoFrameView.swift */ = {isa = PBXFileReference; lastKnownFileType = sourcecode.swift; path = ConVideoFrameView.swift; sourceTree = "<group>"; };
		5BDAA4572C0B1908007DD2ED /* YoutubeToMVVM.app */ = {isa = PBXFileReference; explicitFileType = wrapper.application; includeInIndex = 0; path = YoutubeToMVVM.app; sourceTree = BUILT_PRODUCTS_DIR; };
		5BDAA45A2C0B1908007DD2ED /* AppDelegate.swift */ = {isa = PBXFileReference; lastKnownFileType = sourcecode.swift; path = AppDelegate.swift; sourceTree = "<group>"; };
		5BDAA45C2C0B1908007DD2ED /* SceneDelegate.swift */ = {isa = PBXFileReference; lastKnownFileType = sourcecode.swift; path = SceneDelegate.swift; sourceTree = "<group>"; };
		5BDAA4612C0B1908007DD2ED /* Base */ = {isa = PBXFileReference; lastKnownFileType = file.storyboard; name = Base; path = Base.lproj/Main.storyboard; sourceTree = "<group>"; };
		5BDAA4632C0B1909007DD2ED /* Assets.xcassets */ = {isa = PBXFileReference; lastKnownFileType = folder.assetcatalog; path = Assets.xcassets; sourceTree = "<group>"; };
		5BDAA4662C0B1909007DD2ED /* Base */ = {isa = PBXFileReference; lastKnownFileType = file.storyboard; name = Base; path = Base.lproj/LaunchScreen.storyboard; sourceTree = "<group>"; };
		5BDAA4682C0B1909007DD2ED /* Info.plist */ = {isa = PBXFileReference; lastKnownFileType = text.plist.xml; path = Info.plist; sourceTree = "<group>"; };
		5BDAA46D2C0B1909007DD2ED /* YoutubeToMVVMTests.xctest */ = {isa = PBXFileReference; explicitFileType = wrapper.cfbundle; includeInIndex = 0; path = YoutubeToMVVMTests.xctest; sourceTree = BUILT_PRODUCTS_DIR; };
		5BDAA4712C0B1909007DD2ED /* YoutubeToMVVMTests.swift */ = {isa = PBXFileReference; lastKnownFileType = sourcecode.swift; path = YoutubeToMVVMTests.swift; sourceTree = "<group>"; };
		5BDAA4772C0B1909007DD2ED /* YoutubeToMVVMUITests.xctest */ = {isa = PBXFileReference; explicitFileType = wrapper.cfbundle; includeInIndex = 0; path = YoutubeToMVVMUITests.xctest; sourceTree = BUILT_PRODUCTS_DIR; };
		5BDAA47B2C0B1909007DD2ED /* YoutubeToMVVMUITests.swift */ = {isa = PBXFileReference; lastKnownFileType = sourcecode.swift; path = YoutubeToMVVMUITests.swift; sourceTree = "<group>"; };
		5BDAA47D2C0B1909007DD2ED /* YoutubeToMVVMUITestsLaunchTests.swift */ = {isa = PBXFileReference; lastKnownFileType = sourcecode.swift; path = YoutubeToMVVMUITestsLaunchTests.swift; sourceTree = "<group>"; };
		5BDAA48B2C0B198D007DD2ED /* STVWelcome.swift */ = {isa = PBXFileReference; fileEncoding = 4; lastKnownFileType = sourcecode.swift; path = STVWelcome.swift; sourceTree = "<group>"; };
		5BDAA48C2C0B198D007DD2ED /* Welcome.swift */ = {isa = PBXFileReference; fileEncoding = 4; lastKnownFileType = sourcecode.swift; path = Welcome.swift; sourceTree = "<group>"; };
		5BDAA48E2C0B198D007DD2ED /* ContainerVC.swift */ = {isa = PBXFileReference; fileEncoding = 4; lastKnownFileType = sourcecode.swift; path = ContainerVC.swift; sourceTree = "<group>"; };
		5BDAA4912C0B198D007DD2ED /* UIViewController+Additions.swift */ = {isa = PBXFileReference; fileEncoding = 4; lastKnownFileType = sourcecode.swift; path = "UIViewController+Additions.swift"; sourceTree = "<group>"; };
		5BDAA4932C0B198D007DD2ED /* Observable.swift */ = {isa = PBXFileReference; fileEncoding = 4; lastKnownFileType = sourcecode.swift; path = Observable.swift; sourceTree = "<group>"; };
		5BDAA4942C0B198D007DD2ED /* SlideInTransition.swift */ = {isa = PBXFileReference; fileEncoding = 4; lastKnownFileType = sourcecode.swift; path = SlideInTransition.swift; sourceTree = "<group>"; };
		5BDAA4982C0B198D007DD2ED /* ContentHeaderView.swift */ = {isa = PBXFileReference; fileEncoding = 4; lastKnownFileType = sourcecode.swift; path = ContentHeaderView.swift; sourceTree = "<group>"; };
		5BDAA4992C0B198D007DD2ED /* ContentTableViewCell.swift */ = {isa = PBXFileReference; fileEncoding = 4; lastKnownFileType = sourcecode.swift; path = ContentTableViewCell.swift; sourceTree = "<group>"; };
		5BDAA49A2C0B198D007DD2ED /* ContentTopView.swift */ = {isa = PBXFileReference; fileEncoding = 4; lastKnownFileType = sourcecode.swift; path = ContentTopView.swift; sourceTree = "<group>"; };
		5BDAA49C2C0B198D007DD2ED /* HomeShortsFrameCollectionView.swift */ = {isa = PBXFileReference; fileEncoding = 4; lastKnownFileType = sourcecode.swift; path = HomeShortsFrameCollectionView.swift; sourceTree = "<group>"; };
		5BDAA49D2C0B198D007DD2ED /* MenuVC.swift */ = {isa = PBXFileReference; fileEncoding = 4; lastKnownFileType = sourcecode.swift; path = MenuVC.swift; sourceTree = "<group>"; };
		5BDAA49E2C0B198D007DD2ED /* NotificationCustomView.swift */ = {isa = PBXFileReference; fileEncoding = 4; lastKnownFileType = sourcecode.swift; path = NotificationCustomView.swift; sourceTree = "<group>"; };
		5BDAA49F2C0B198D007DD2ED /* NotificationLogVC.swift */ = {isa = PBXFileReference; fileEncoding = 4; lastKnownFileType = sourcecode.swift; path = NotificationLogVC.swift; sourceTree = "<group>"; };
		5BDAA4A02C0B198D007DD2ED /* NotificationTableViewCell.swift */ = {isa = PBXFileReference; fileEncoding = 4; lastKnownFileType = sourcecode.swift; path = NotificationTableViewCell.swift; sourceTree = "<group>"; };
		5BDAA4A12C0B198D007DD2ED /* NotificationTopButtonCollectionCell.swift */ = {isa = PBXFileReference; fileEncoding = 4; lastKnownFileType = sourcecode.swift; path = NotificationTopButtonCollectionCell.swift; sourceTree = "<group>"; };
		5BDAA4A22C0B198D007DD2ED /* SearchVC.swift */ = {isa = PBXFileReference; fileEncoding = 4; lastKnownFileType = sourcecode.swift; path = SearchVC.swift; sourceTree = "<group>"; };
		5BDAA4A42C0B198D007DD2ED /* ShortsBtnView.swift */ = {isa = PBXFileReference; fileEncoding = 4; lastKnownFileType = sourcecode.swift; path = ShortsBtnView.swift; sourceTree = "<group>"; };
		5BDAA4A52C0B198D007DD2ED /* ShortsEmojiBtnView.swift */ = {isa = PBXFileReference; fileEncoding = 4; lastKnownFileType = sourcecode.swift; path = ShortsEmojiBtnView.swift; sourceTree = "<group>"; };
		5BDAA4A62C0B198D007DD2ED /* ShortsTableViewCell.swift */ = {isa = PBXFileReference; fileEncoding = 4; lastKnownFileType = sourcecode.swift; path = ShortsTableViewCell.swift; sourceTree = "<group>"; };
		5BDAA4A82C0B198D007DD2ED /* SubscribeHoriCollectionView.swift */ = {isa = PBXFileReference; fileEncoding = 4; lastKnownFileType = sourcecode.swift; path = SubscribeHoriCollectionView.swift; sourceTree = "<group>"; };
		5BDAA4A92C0B198D007DD2ED /* SubscribeSecItemView.swift */ = {isa = PBXFileReference; fileEncoding = 4; lastKnownFileType = sourcecode.swift; path = SubscribeSecItemView.swift; sourceTree = "<group>"; };
		5BDAA4AB2C0B198D007DD2ED /* AddVC.swift */ = {isa = PBXFileReference; fileEncoding = 4; lastKnownFileType = sourcecode.swift; path = AddVC.swift; sourceTree = "<group>"; };
		5BDAA4AC2C0B198D007DD2ED /* BaseViewController.swift */ = {isa = PBXFileReference; fileEncoding = 4; lastKnownFileType = sourcecode.swift; path = BaseViewController.swift; sourceTree = "<group>"; };
		5BDAA4AD2C0B198D007DD2ED /* ButtonCollectionViewCell.swift */ = {isa = PBXFileReference; fileEncoding = 4; lastKnownFileType = sourcecode.swift; path = ButtonCollectionViewCell.swift; sourceTree = "<group>"; };
		5BDAA4AE2C0B198D007DD2ED /* ContentTableViewController.swift */ = {isa = PBXFileReference; fileEncoding = 4; lastKnownFileType = sourcecode.swift; path = ContentTableViewController.swift; sourceTree = "<group>"; };
		5BDAA4AF2C0B198D007DD2ED /* HomeVC.swift */ = {isa = PBXFileReference; fileEncoding = 4; lastKnownFileType = sourcecode.swift; path = HomeVC.swift; sourceTree = "<group>"; };
		5BDAA4B02C0B198D007DD2ED /* MainTabBarController.swift */ = {isa = PBXFileReference; fileEncoding = 4; lastKnownFileType = sourcecode.swift; path = MainTabBarController.swift; sourceTree = "<group>"; };
		5BDAA4B22C0B198D007DD2ED /* ShortsCollectionViewCell.swift */ = {isa = PBXFileReference; fileEncoding = 4; lastKnownFileType = sourcecode.swift; path = ShortsCollectionViewCell.swift; sourceTree = "<group>"; };
		5BDAA4B32C0B198D007DD2ED /* ShortsTableViewController.swift */ = {isa = PBXFileReference; fileEncoding = 4; lastKnownFileType = sourcecode.swift; path = ShortsTableViewController.swift; sourceTree = "<group>"; };
		5BDAA4B42C0B198D007DD2ED /* SubscribeVC.swift */ = {isa = PBXFileReference; fileEncoding = 4; lastKnownFileType = sourcecode.swift; path = SubscribeVC.swift; sourceTree = "<group>"; };
		5BDAA4B52C0B198D007DD2ED /* VideoFrameView.swift */ = {isa = PBXFileReference; fileEncoding = 4; lastKnownFileType = sourcecode.swift; path = VideoFrameView.swift; sourceTree = "<group>"; };
		5BEA70932C1221F500F4155F /* ContentTableViewModel.swift */ = {isa = PBXFileReference; lastKnownFileType = sourcecode.swift; path = ContentTableViewModel.swift; sourceTree = "<group>"; };
/* End PBXFileReference section */

/* Begin PBXFrameworksBuildPhase section */
		5BDAA4542C0B1908007DD2ED /* Frameworks */ = {
			isa = PBXFrameworksBuildPhase;
			buildActionMask = 2147483647;
			files = (
			);
			runOnlyForDeploymentPostprocessing = 0;
		};
		5BDAA46A2C0B1909007DD2ED /* Frameworks */ = {
			isa = PBXFrameworksBuildPhase;
			buildActionMask = 2147483647;
			files = (
			);
			runOnlyForDeploymentPostprocessing = 0;
		};
		5BDAA4742C0B1909007DD2ED /* Frameworks */ = {
			isa = PBXFrameworksBuildPhase;
			buildActionMask = 2147483647;
			files = (
			);
			runOnlyForDeploymentPostprocessing = 0;
		};
/* End PBXFrameworksBuildPhase section */

/* Begin PBXGroup section */
		5B7C7C052C0C2774005AE8C6 /* Notification */ = {
			isa = PBXGroup;
			children = (
				5BDAA49E2C0B198D007DD2ED /* NotificationCustomView.swift */,
				5BDAA49F2C0B198D007DD2ED /* NotificationLogVC.swift */,
				5BDAA4A02C0B198D007DD2ED /* NotificationTableViewCell.swift */,
				5BDAA4A12C0B198D007DD2ED /* NotificationTopButtonCollectionCell.swift */,
			);
			path = Notification;
			sourceTree = "<group>";
		};
		5B7C7C062C0C27B6005AE8C6 /* Other */ = {
			isa = PBXGroup;
			children = (
				5BDAA4AD2C0B198D007DD2ED /* ButtonCollectionViewCell.swift */,
				5BDAA4B22C0B198D007DD2ED /* ShortsCollectionViewCell.swift */,
				5BDAA4B52C0B198D007DD2ED /* VideoFrameView.swift */,
				5B7C7C0F2C0D9F44005AE8C6 /* ConVideoFrameView.swift */,
				5B0783A92C11622E00A9E08A /* BarBtnItemsModel.swift */,
			);
			path = Other;
			sourceTree = "<group>";
		};
		5BDAA44E2C0B1908007DD2ED = {
			isa = PBXGroup;
			children = (
				5BDAA4592C0B1908007DD2ED /* YoutubeToMVVM */,
				5BDAA4702C0B1909007DD2ED /* YoutubeToMVVMTests */,
				5BDAA47A2C0B1909007DD2ED /* YoutubeToMVVMUITests */,
				5BDAA4582C0B1908007DD2ED /* Products */,
			);
			sourceTree = "<group>";
		};
		5BDAA4582C0B1908007DD2ED /* Products */ = {
			isa = PBXGroup;
			children = (
				5BDAA4572C0B1908007DD2ED /* YoutubeToMVVM.app */,
				5BDAA46D2C0B1909007DD2ED /* YoutubeToMVVMTests.xctest */,
				5BDAA4772C0B1909007DD2ED /* YoutubeToMVVMUITests.xctest */,
			);
			name = Products;
			sourceTree = "<group>";
		};
		5BDAA4592C0B1908007DD2ED /* YoutubeToMVVM */ = {
			isa = PBXGroup;
			children = (
				5BDAA48D2C0B198D007DD2ED /* Model */,
				5BDAA4952C0B198D007DD2ED /* Utilities */,
				5BDAA4B62C0B198D007DD2ED /* View */,
				5BDAA4902C0B198D007DD2ED /* viewController */,
				5BDAA45A2C0B1908007DD2ED /* AppDelegate.swift */,
				5BDAA45C2C0B1908007DD2ED /* SceneDelegate.swift */,
				5BDAA4602C0B1908007DD2ED /* Main.storyboard */,
				5BDAA4632C0B1909007DD2ED /* Assets.xcassets */,
				5BDAA4652C0B1909007DD2ED /* LaunchScreen.storyboard */,
				5BDAA4682C0B1909007DD2ED /* Info.plist */,
			);
			path = YoutubeToMVVM;
			sourceTree = "<group>";
		};
		5BDAA4702C0B1909007DD2ED /* YoutubeToMVVMTests */ = {
			isa = PBXGroup;
			children = (
				5BDAA4712C0B1909007DD2ED /* YoutubeToMVVMTests.swift */,
			);
			path = YoutubeToMVVMTests;
			sourceTree = "<group>";
		};
		5BDAA47A2C0B1909007DD2ED /* YoutubeToMVVMUITests */ = {
			isa = PBXGroup;
			children = (
				5BDAA47B2C0B1909007DD2ED /* YoutubeToMVVMUITests.swift */,
				5BDAA47D2C0B1909007DD2ED /* YoutubeToMVVMUITestsLaunchTests.swift */,
			);
			path = YoutubeToMVVMUITests;
			sourceTree = "<group>";
		};
		5BDAA48D2C0B198D007DD2ED /* Model */ = {
			isa = PBXGroup;
			children = (
				5BDAA48B2C0B198D007DD2ED /* STVWelcome.swift */,
				5BDAA48C2C0B198D007DD2ED /* Welcome.swift */,
				5BEA70932C1221F500F4155F /* ContentTableViewModel.swift */,
			);
			path = Model;
			sourceTree = "<group>";
		};
		5BDAA4902C0B198D007DD2ED /* viewController */ = {
			isa = PBXGroup;
			children = (
				5BDAA4B02C0B198D007DD2ED /* MainTabBarController.swift */,
				5BDAA48E2C0B198D007DD2ED /* ContainerVC.swift */,
			);
			path = viewController;
			sourceTree = "<group>";
		};
		5BDAA4922C0B198D007DD2ED /* Additions */ = {
			isa = PBXGroup;
			children = (
				5BDAA4912C0B198D007DD2ED /* UIViewController+Additions.swift */,
			);
			path = Additions;
			sourceTree = "<group>";
		};
		5BDAA4952C0B198D007DD2ED /* Utilities */ = {
			isa = PBXGroup;
			children = (
				5BDAA4922C0B198D007DD2ED /* Additions */,
				5BDAA4932C0B198D007DD2ED /* Observable.swift */,
				5BDAA4942C0B198D007DD2ED /* SlideInTransition.swift */,
			);
			path = Utilities;
			sourceTree = "<group>";
		};
		5BDAA4972C0B198D007DD2ED /* Add */ = {
			isa = PBXGroup;
			children = (
				5BDAA4AB2C0B198D007DD2ED /* AddVC.swift */,
			);
			path = Add;
			sourceTree = "<group>";
		};
		5BDAA49B2C0B198D007DD2ED /* Content */ = {
			isa = PBXGroup;
			children = (
				5BDAA49A2C0B198D007DD2ED /* ContentTopView.swift */,
				5BDAA4982C0B198D007DD2ED /* ContentHeaderView.swift */,
				5BDAA4992C0B198D007DD2ED /* ContentTableViewCell.swift */,
				5BDAA4AE2C0B198D007DD2ED /* ContentTableViewController.swift */,
			);
			path = Content;
			sourceTree = "<group>";
		};
		5BDAA4A32C0B198D007DD2ED /* Home */ = {
			isa = PBXGroup;
			children = (
				5B7C7C052C0C2774005AE8C6 /* Notification */,
				5BDAA49C2C0B198D007DD2ED /* HomeShortsFrameCollectionView.swift */,
				5BDAA49D2C0B198D007DD2ED /* MenuVC.swift */,
				5BDAA4A22C0B198D007DD2ED /* SearchVC.swift */,
				5BDAA4AF2C0B198D007DD2ED /* HomeVC.swift */,
			);
			path = Home;
			sourceTree = "<group>";
		};
		5BDAA4A72C0B198D007DD2ED /* Shorts */ = {
			isa = PBXGroup;
			children = (
				5BDAA4A42C0B198D007DD2ED /* ShortsBtnView.swift */,
				5BDAA4A52C0B198D007DD2ED /* ShortsEmojiBtnView.swift */,
				5BDAA4A62C0B198D007DD2ED /* ShortsTableViewCell.swift */,
				5BDAA4B32C0B198D007DD2ED /* ShortsTableViewController.swift */,
			);
			path = Shorts;
			sourceTree = "<group>";
		};
		5BDAA4AA2C0B198D007DD2ED /* Subscribe */ = {
			isa = PBXGroup;
			children = (
				5BDAA4A82C0B198D007DD2ED /* SubscribeHoriCollectionView.swift */,
				5BDAA4A92C0B198D007DD2ED /* SubscribeSecItemView.swift */,
				5BDAA4B42C0B198D007DD2ED /* SubscribeVC.swift */,
			);
			path = Subscribe;
			sourceTree = "<group>";
		};
		5BDAA4B62C0B198D007DD2ED /* View */ = {
			isa = PBXGroup;
			children = (
				5BDAA4972C0B198D007DD2ED /* Add */,
				5BDAA49B2C0B198D007DD2ED /* Content */,
				5BDAA4A32C0B198D007DD2ED /* Home */,
				5BDAA4A72C0B198D007DD2ED /* Shorts */,
				5BDAA4AA2C0B198D007DD2ED /* Subscribe */,
				5B7C7C062C0C27B6005AE8C6 /* Other */,
				5BDAA4AC2C0B198D007DD2ED /* BaseViewController.swift */,
			);
			path = View;
			sourceTree = "<group>";
		};
/* End PBXGroup section */

/* Begin PBXNativeTarget section */
		5BDAA4562C0B1908007DD2ED /* YoutubeToMVVM */ = {
			isa = PBXNativeTarget;
			buildConfigurationList = 5BDAA4812C0B1909007DD2ED /* Build configuration list for PBXNativeTarget "YoutubeToMVVM" */;
			buildPhases = (
				5BDAA4532C0B1908007DD2ED /* Sources */,
				5BDAA4542C0B1908007DD2ED /* Frameworks */,
				5BDAA4552C0B1908007DD2ED /* Resources */,
			);
			buildRules = (
			);
			dependencies = (
			);
			name = YoutubeToMVVM;
			productName = YoutubeToMVVC;
			productReference = 5BDAA4572C0B1908007DD2ED /* YoutubeToMVVM.app */;
			productType = "com.apple.product-type.application";
		};
		5BDAA46C2C0B1909007DD2ED /* YoutubeToMVVMTests */ = {
			isa = PBXNativeTarget;
			buildConfigurationList = 5BDAA4842C0B1909007DD2ED /* Build configuration list for PBXNativeTarget "YoutubeToMVVMTests" */;
			buildPhases = (
				5BDAA4692C0B1909007DD2ED /* Sources */,
				5BDAA46A2C0B1909007DD2ED /* Frameworks */,
				5BDAA46B2C0B1909007DD2ED /* Resources */,
			);
			buildRules = (
			);
			dependencies = (
				5BDAA46F2C0B1909007DD2ED /* PBXTargetDependency */,
			);
			name = YoutubeToMVVMTests;
			productName = YoutubeToMVVCTests;
			productReference = 5BDAA46D2C0B1909007DD2ED /* YoutubeToMVVMTests.xctest */;
			productType = "com.apple.product-type.bundle.unit-test";
		};
		5BDAA4762C0B1909007DD2ED /* YoutubeToMVVMUITests */ = {
			isa = PBXNativeTarget;
			buildConfigurationList = 5BDAA4872C0B1909007DD2ED /* Build configuration list for PBXNativeTarget "YoutubeToMVVMUITests" */;
			buildPhases = (
				5BDAA4732C0B1909007DD2ED /* Sources */,
				5BDAA4742C0B1909007DD2ED /* Frameworks */,
				5BDAA4752C0B1909007DD2ED /* Resources */,
			);
			buildRules = (
			);
			dependencies = (
				5BDAA4792C0B1909007DD2ED /* PBXTargetDependency */,
			);
			name = YoutubeToMVVMUITests;
			productName = YoutubeToMVVCUITests;
			productReference = 5BDAA4772C0B1909007DD2ED /* YoutubeToMVVMUITests.xctest */;
			productType = "com.apple.product-type.bundle.ui-testing";
		};
/* End PBXNativeTarget section */

/* Begin PBXProject section */
		5BDAA44F2C0B1908007DD2ED /* Project object */ = {
			isa = PBXProject;
			attributes = {
				BuildIndependentTargetsInParallel = 1;
				LastSwiftUpdateCheck = 1540;
				LastUpgradeCheck = 1540;
				TargetAttributes = {
					5BDAA4562C0B1908007DD2ED = {
						CreatedOnToolsVersion = 15.4;
					};
					5BDAA46C2C0B1909007DD2ED = {
						CreatedOnToolsVersion = 15.4;
						TestTargetID = 5BDAA4562C0B1908007DD2ED;
					};
					5BDAA4762C0B1909007DD2ED = {
						CreatedOnToolsVersion = 15.4;
						TestTargetID = 5BDAA4562C0B1908007DD2ED;
					};
				};
			};
			buildConfigurationList = 5BDAA4522C0B1908007DD2ED /* Build configuration list for PBXProject "YoutubeToMVVM" */;
			compatibilityVersion = "Xcode 14.0";
			developmentRegion = en;
			hasScannedForEncodings = 0;
			knownRegions = (
				en,
				Base,
			);
			mainGroup = 5BDAA44E2C0B1908007DD2ED;
			productRefGroup = 5BDAA4582C0B1908007DD2ED /* Products */;
			projectDirPath = "";
			projectRoot = "";
			targets = (
				5BDAA4562C0B1908007DD2ED /* YoutubeToMVVM */,
				5BDAA46C2C0B1909007DD2ED /* YoutubeToMVVMTests */,
				5BDAA4762C0B1909007DD2ED /* YoutubeToMVVMUITests */,
			);
		};
/* End PBXProject section */

/* Begin PBXResourcesBuildPhase section */
		5BDAA4552C0B1908007DD2ED /* Resources */ = {
			isa = PBXResourcesBuildPhase;
			buildActionMask = 2147483647;
			files = (
				5BDAA4642C0B1909007DD2ED /* Assets.xcassets in Resources */,
				5BDAA4672C0B1909007DD2ED /* Base in Resources */,
				5BDAA4622C0B1908007DD2ED /* Base in Resources */,
			);
			runOnlyForDeploymentPostprocessing = 0;
		};
		5BDAA46B2C0B1909007DD2ED /* Resources */ = {
			isa = PBXResourcesBuildPhase;
			buildActionMask = 2147483647;
			files = (
			);
			runOnlyForDeploymentPostprocessing = 0;
		};
		5BDAA4752C0B1909007DD2ED /* Resources */ = {
			isa = PBXResourcesBuildPhase;
			buildActionMask = 2147483647;
			files = (
			);
			runOnlyForDeploymentPostprocessing = 0;
		};
/* End PBXResourcesBuildPhase section */

/* Begin PBXSourcesBuildPhase section */
		5BDAA4532C0B1908007DD2ED /* Sources */ = {
			isa = PBXSourcesBuildPhase;
			buildActionMask = 2147483647;
			files = (
				5BDAA4CA2C0B198D007DD2ED /* ShortsBtnView.swift in Sources */,
				5BDAA4D42C0B198D007DD2ED /* MainTabBarController.swift in Sources */,
				5BDAA4C62C0B198D007DD2ED /* NotificationLogVC.swift in Sources */,
				5BDAA4D82C0B198D007DD2ED /* SubscribeVC.swift in Sources */,
				5BDAA4BA2C0B198D007DD2ED /* ContainerVC.swift in Sources */,
				5BEA70942C1221F500F4155F /* ContentTableViewModel.swift in Sources */,
				5BDAA4D22C0B198D007DD2ED /* ContentTableViewController.swift in Sources */,
				5BDAA4C42C0B198D007DD2ED /* MenuVC.swift in Sources */,
				5BDAA4C02C0B198D007DD2ED /* ContentHeaderView.swift in Sources */,
				5BDAA4D32C0B198D007DD2ED /* HomeVC.swift in Sources */,
				5BDAA4CE2C0B198D007DD2ED /* SubscribeSecItemView.swift in Sources */,
				5BDAA4C22C0B198D007DD2ED /* ContentTopView.swift in Sources */,
				5BDAA4CB2C0B198D007DD2ED /* ShortsEmojiBtnView.swift in Sources */,
				5BDAA4B82C0B198D007DD2ED /* STVWelcome.swift in Sources */,
				5BDAA4CF2C0B198D007DD2ED /* AddVC.swift in Sources */,
				5BDAA4C52C0B198D007DD2ED /* NotificationCustomView.swift in Sources */,
				5BDAA4C82C0B198D007DD2ED /* NotificationTopButtonCollectionCell.swift in Sources */,
				5BDAA4D92C0B198D007DD2ED /* VideoFrameView.swift in Sources */,
				5BDAA4BC2C0B198D007DD2ED /* UIViewController+Additions.swift in Sources */,
				5BDAA4C92C0B198D007DD2ED /* SearchVC.swift in Sources */,
				5B7C7C102C0D9F44005AE8C6 /* ConVideoFrameView.swift in Sources */,
				5BDAA4BE2C0B198D007DD2ED /* SlideInTransition.swift in Sources */,
				5B0783AA2C11622E00A9E08A /* BarBtnItemsModel.swift in Sources */,
				5BDAA4BD2C0B198D007DD2ED /* Observable.swift in Sources */,
				5BDAA4D62C0B198D007DD2ED /* ShortsCollectionViewCell.swift in Sources */,
				5BDAA45B2C0B1908007DD2ED /* AppDelegate.swift in Sources */,
				5BDAA4B92C0B198D007DD2ED /* Welcome.swift in Sources */,
				5BDAA4C32C0B198D007DD2ED /* HomeShortsFrameCollectionView.swift in Sources */,
				5BDAA4C72C0B198D007DD2ED /* NotificationTableViewCell.swift in Sources */,
				5BDAA4D72C0B198D007DD2ED /* ShortsTableViewController.swift in Sources */,
				5BDAA4C12C0B198D007DD2ED /* ContentTableViewCell.swift in Sources */,
				5BDAA4CD2C0B198D007DD2ED /* SubscribeHoriCollectionView.swift in Sources */,
				5BDAA4CC2C0B198D007DD2ED /* ShortsTableViewCell.swift in Sources */,
				5BDAA45D2C0B1908007DD2ED /* SceneDelegate.swift in Sources */,
				5BDAA4D12C0B198D007DD2ED /* ButtonCollectionViewCell.swift in Sources */,
				5BDAA4D02C0B198D007DD2ED /* BaseViewController.swift in Sources */,
			);
			runOnlyForDeploymentPostprocessing = 0;
		};
		5BDAA4692C0B1909007DD2ED /* Sources */ = {
			isa = PBXSourcesBuildPhase;
			buildActionMask = 2147483647;
			files = (
				5BDAA4722C0B1909007DD2ED /* YoutubeToMVVMTests.swift in Sources */,
			);
			runOnlyForDeploymentPostprocessing = 0;
		};
		5BDAA4732C0B1909007DD2ED /* Sources */ = {
			isa = PBXSourcesBuildPhase;
			buildActionMask = 2147483647;
			files = (
				5BDAA47C2C0B1909007DD2ED /* YoutubeToMVVMUITests.swift in Sources */,
				5BDAA47E2C0B1909007DD2ED /* YoutubeToMVVMUITestsLaunchTests.swift in Sources */,
			);
			runOnlyForDeploymentPostprocessing = 0;
		};
/* End PBXSourcesBuildPhase section */

/* Begin PBXTargetDependency section */
		5BDAA46F2C0B1909007DD2ED /* PBXTargetDependency */ = {
			isa = PBXTargetDependency;
			target = 5BDAA4562C0B1908007DD2ED /* YoutubeToMVVM */;
			targetProxy = 5BDAA46E2C0B1909007DD2ED /* PBXContainerItemProxy */;
		};
		5BDAA4792C0B1909007DD2ED /* PBXTargetDependency */ = {
			isa = PBXTargetDependency;
			target = 5BDAA4562C0B1908007DD2ED /* YoutubeToMVVM */;
			targetProxy = 5BDAA4782C0B1909007DD2ED /* PBXContainerItemProxy */;
		};
/* End PBXTargetDependency section */

/* Begin PBXVariantGroup section */
		5BDAA4602C0B1908007DD2ED /* Main.storyboard */ = {
			isa = PBXVariantGroup;
			children = (
				5BDAA4612C0B1908007DD2ED /* Base */,
			);
			name = Main.storyboard;
			sourceTree = "<group>";
		};
		5BDAA4652C0B1909007DD2ED /* LaunchScreen.storyboard */ = {
			isa = PBXVariantGroup;
			children = (
				5BDAA4662C0B1909007DD2ED /* Base */,
			);
			name = LaunchScreen.storyboard;
			sourceTree = "<group>";
		};
/* End PBXVariantGroup section */

/* Begin XCBuildConfiguration section */
		5BDAA47F2C0B1909007DD2ED /* Debug */ = {
			isa = XCBuildConfiguration;
			buildSettings = {
				ALWAYS_SEARCH_USER_PATHS = NO;
				ASSETCATALOG_COMPILER_GENERATE_SWIFT_ASSET_SYMBOL_EXTENSIONS = YES;
				CLANG_ANALYZER_NONNULL = YES;
				CLANG_ANALYZER_NUMBER_OBJECT_CONVERSION = YES_AGGRESSIVE;
				CLANG_CXX_LANGUAGE_STANDARD = "gnu++20";
				CLANG_ENABLE_MODULES = YES;
				CLANG_ENABLE_OBJC_ARC = YES;
				CLANG_ENABLE_OBJC_WEAK = YES;
				CLANG_WARN_BLOCK_CAPTURE_AUTORELEASING = YES;
				CLANG_WARN_BOOL_CONVERSION = YES;
				CLANG_WARN_COMMA = YES;
				CLANG_WARN_CONSTANT_CONVERSION = YES;
				CLANG_WARN_DEPRECATED_OBJC_IMPLEMENTATIONS = YES;
				CLANG_WARN_DIRECT_OBJC_ISA_USAGE = YES_ERROR;
				CLANG_WARN_DOCUMENTATION_COMMENTS = YES;
				CLANG_WARN_EMPTY_BODY = YES;
				CLANG_WARN_ENUM_CONVERSION = YES;
				CLANG_WARN_INFINITE_RECURSION = YES;
				CLANG_WARN_INT_CONVERSION = YES;
				CLANG_WARN_NON_LITERAL_NULL_CONVERSION = YES;
				CLANG_WARN_OBJC_IMPLICIT_RETAIN_SELF = YES;
				CLANG_WARN_OBJC_LITERAL_CONVERSION = YES;
				CLANG_WARN_OBJC_ROOT_CLASS = YES_ERROR;
				CLANG_WARN_QUOTED_INCLUDE_IN_FRAMEWORK_HEADER = YES;
				CLANG_WARN_RANGE_LOOP_ANALYSIS = YES;
				CLANG_WARN_STRICT_PROTOTYPES = YES;
				CLANG_WARN_SUSPICIOUS_MOVE = YES;
				CLANG_WARN_UNGUARDED_AVAILABILITY = YES_AGGRESSIVE;
				CLANG_WARN_UNREACHABLE_CODE = YES;
				CLANG_WARN__DUPLICATE_METHOD_MATCH = YES;
				COPY_PHASE_STRIP = NO;
				DEBUG_INFORMATION_FORMAT = dwarf;
				ENABLE_STRICT_OBJC_MSGSEND = YES;
				ENABLE_TESTABILITY = YES;
				ENABLE_USER_SCRIPT_SANDBOXING = YES;
				GCC_C_LANGUAGE_STANDARD = gnu17;
				GCC_DYNAMIC_NO_PIC = NO;
				GCC_NO_COMMON_BLOCKS = YES;
				GCC_OPTIMIZATION_LEVEL = 0;
				GCC_PREPROCESSOR_DEFINITIONS = (
					"DEBUG=1",
					"$(inherited)",
				);
				GCC_WARN_64_TO_32_BIT_CONVERSION = YES;
				GCC_WARN_ABOUT_RETURN_TYPE = YES_ERROR;
				GCC_WARN_UNDECLARED_SELECTOR = YES;
				GCC_WARN_UNINITIALIZED_AUTOS = YES_AGGRESSIVE;
				GCC_WARN_UNUSED_FUNCTION = YES;
				GCC_WARN_UNUSED_VARIABLE = YES;
				IPHONEOS_DEPLOYMENT_TARGET = 17.5;
				LOCALIZATION_PREFERS_STRING_CATALOGS = YES;
				MTL_ENABLE_DEBUG_INFO = INCLUDE_SOURCE;
				MTL_FAST_MATH = YES;
				ONLY_ACTIVE_ARCH = YES;
				SDKROOT = iphoneos;
				SWIFT_ACTIVE_COMPILATION_CONDITIONS = "DEBUG $(inherited)";
				SWIFT_OPTIMIZATION_LEVEL = "-Onone";
			};
			name = Debug;
		};
		5BDAA4802C0B1909007DD2ED /* Release */ = {
			isa = XCBuildConfiguration;
			buildSettings = {
				ALWAYS_SEARCH_USER_PATHS = NO;
				ASSETCATALOG_COMPILER_GENERATE_SWIFT_ASSET_SYMBOL_EXTENSIONS = YES;
				CLANG_ANALYZER_NONNULL = YES;
				CLANG_ANALYZER_NUMBER_OBJECT_CONVERSION = YES_AGGRESSIVE;
				CLANG_CXX_LANGUAGE_STANDARD = "gnu++20";
				CLANG_ENABLE_MODULES = YES;
				CLANG_ENABLE_OBJC_ARC = YES;
				CLANG_ENABLE_OBJC_WEAK = YES;
				CLANG_WARN_BLOCK_CAPTURE_AUTORELEASING = YES;
				CLANG_WARN_BOOL_CONVERSION = YES;
				CLANG_WARN_COMMA = YES;
				CLANG_WARN_CONSTANT_CONVERSION = YES;
				CLANG_WARN_DEPRECATED_OBJC_IMPLEMENTATIONS = YES;
				CLANG_WARN_DIRECT_OBJC_ISA_USAGE = YES_ERROR;
				CLANG_WARN_DOCUMENTATION_COMMENTS = YES;
				CLANG_WARN_EMPTY_BODY = YES;
				CLANG_WARN_ENUM_CONVERSION = YES;
				CLANG_WARN_INFINITE_RECURSION = YES;
				CLANG_WARN_INT_CONVERSION = YES;
				CLANG_WARN_NON_LITERAL_NULL_CONVERSION = YES;
				CLANG_WARN_OBJC_IMPLICIT_RETAIN_SELF = YES;
				CLANG_WARN_OBJC_LITERAL_CONVERSION = YES;
				CLANG_WARN_OBJC_ROOT_CLASS = YES_ERROR;
				CLANG_WARN_QUOTED_INCLUDE_IN_FRAMEWORK_HEADER = YES;
				CLANG_WARN_RANGE_LOOP_ANALYSIS = YES;
				CLANG_WARN_STRICT_PROTOTYPES = YES;
				CLANG_WARN_SUSPICIOUS_MOVE = YES;
				CLANG_WARN_UNGUARDED_AVAILABILITY = YES_AGGRESSIVE;
				CLANG_WARN_UNREACHABLE_CODE = YES;
				CLANG_WARN__DUPLICATE_METHOD_MATCH = YES;
				COPY_PHASE_STRIP = NO;
				DEBUG_INFORMATION_FORMAT = "dwarf-with-dsym";
				ENABLE_NS_ASSERTIONS = NO;
				ENABLE_STRICT_OBJC_MSGSEND = YES;
				ENABLE_USER_SCRIPT_SANDBOXING = YES;
				GCC_C_LANGUAGE_STANDARD = gnu17;
				GCC_NO_COMMON_BLOCKS = YES;
				GCC_WARN_64_TO_32_BIT_CONVERSION = YES;
				GCC_WARN_ABOUT_RETURN_TYPE = YES_ERROR;
				GCC_WARN_UNDECLARED_SELECTOR = YES;
				GCC_WARN_UNINITIALIZED_AUTOS = YES_AGGRESSIVE;
				GCC_WARN_UNUSED_FUNCTION = YES;
				GCC_WARN_UNUSED_VARIABLE = YES;
				IPHONEOS_DEPLOYMENT_TARGET = 17.5;
				LOCALIZATION_PREFERS_STRING_CATALOGS = YES;
				MTL_ENABLE_DEBUG_INFO = NO;
				MTL_FAST_MATH = YES;
				SDKROOT = iphoneos;
				SWIFT_COMPILATION_MODE = wholemodule;
				VALIDATE_PRODUCT = YES;
			};
			name = Release;
		};
		5BDAA4822C0B1909007DD2ED /* Debug */ = {
			isa = XCBuildConfiguration;
			buildSettings = {
				ASSETCATALOG_COMPILER_APPICON_NAME = AppIcon;
				ASSETCATALOG_COMPILER_GLOBAL_ACCENT_COLOR_NAME = AccentColor;
				CODE_SIGN_STYLE = Automatic;
				CURRENT_PROJECT_VERSION = 1;
				DEVELOPMENT_TEAM = M2MF9LH58A;
				GENERATE_INFOPLIST_FILE = YES;
				INFOPLIST_FILE = YoutubeToMVVM/Info.plist;
				INFOPLIST_KEY_UIApplicationSupportsIndirectInputEvents = YES;
				INFOPLIST_KEY_UILaunchStoryboardName = LaunchScreen;
				INFOPLIST_KEY_UIMainStoryboardFile = Main;
				INFOPLIST_KEY_UISupportedInterfaceOrientations_iPad = "UIInterfaceOrientationPortrait UIInterfaceOrientationPortraitUpsideDown UIInterfaceOrientationLandscapeLeft UIInterfaceOrientationLandscapeRight";
				INFOPLIST_KEY_UISupportedInterfaceOrientations_iPhone = "UIInterfaceOrientationPortrait UIInterfaceOrientationLandscapeLeft UIInterfaceOrientationLandscapeRight";
				LD_RUNPATH_SEARCH_PATHS = (
					"$(inherited)",
					"@executable_path/Frameworks",
				);
				MARKETING_VERSION = 1.0;
				PRODUCT_BUNDLE_IDENTIFIER = com.Lydia.YoutubeToMVVM;
				PRODUCT_NAME = "$(TARGET_NAME)";
				SWIFT_EMIT_LOC_STRINGS = YES;
				SWIFT_VERSION = 5.0;
				TARGETED_DEVICE_FAMILY = "1,2";
			};
			name = Debug;
		};
		5BDAA4832C0B1909007DD2ED /* Release */ = {
			isa = XCBuildConfiguration;
			buildSettings = {
				ASSETCATALOG_COMPILER_APPICON_NAME = AppIcon;
				ASSETCATALOG_COMPILER_GLOBAL_ACCENT_COLOR_NAME = AccentColor;
				CODE_SIGN_STYLE = Automatic;
				CURRENT_PROJECT_VERSION = 1;
				DEVELOPMENT_TEAM = M2MF9LH58A;
				GENERATE_INFOPLIST_FILE = YES;
				INFOPLIST_FILE = YoutubeToMVVM/Info.plist;
				INFOPLIST_KEY_UIApplicationSupportsIndirectInputEvents = YES;
				INFOPLIST_KEY_UILaunchStoryboardName = LaunchScreen;
				INFOPLIST_KEY_UIMainStoryboardFile = Main;
				INFOPLIST_KEY_UISupportedInterfaceOrientations_iPad = "UIInterfaceOrientationPortrait UIInterfaceOrientationPortraitUpsideDown UIInterfaceOrientationLandscapeLeft UIInterfaceOrientationLandscapeRight";
				INFOPLIST_KEY_UISupportedInterfaceOrientations_iPhone = "UIInterfaceOrientationPortrait UIInterfaceOrientationLandscapeLeft UIInterfaceOrientationLandscapeRight";
				LD_RUNPATH_SEARCH_PATHS = (
					"$(inherited)",
					"@executable_path/Frameworks",
				);
				MARKETING_VERSION = 1.0;
				PRODUCT_BUNDLE_IDENTIFIER = com.Lydia.YoutubeToMVVM;
				PRODUCT_NAME = "$(TARGET_NAME)";
				SWIFT_EMIT_LOC_STRINGS = YES;
				SWIFT_VERSION = 5.0;
				TARGETED_DEVICE_FAMILY = "1,2";
			};
			name = Release;
		};
		5BDAA4852C0B1909007DD2ED /* Debug */ = {
			isa = XCBuildConfiguration;
			buildSettings = {
				ALWAYS_EMBED_SWIFT_STANDARD_LIBRARIES = YES;
				BUNDLE_LOADER = "$(TEST_HOST)";
				CODE_SIGN_STYLE = Automatic;
				CURRENT_PROJECT_VERSION = 1;
				DEVELOPMENT_TEAM = M2MF9LH58A;
				GENERATE_INFOPLIST_FILE = YES;
				IPHONEOS_DEPLOYMENT_TARGET = 17.5;
				MARKETING_VERSION = 1.0;
				PRODUCT_BUNDLE_IDENTIFIER = com.Lydia.YoutubeToMVVCTests;
				PRODUCT_NAME = "$(TARGET_NAME)";
				SWIFT_EMIT_LOC_STRINGS = NO;
				SWIFT_VERSION = 5.0;
				TARGETED_DEVICE_FAMILY = "1,2";
				TEST_HOST = "$(BUILT_PRODUCTS_DIR)/YoutubeToMVVM.app/$(BUNDLE_EXECUTABLE_FOLDER_PATH)/YoutubeToMVVM";
			};
			name = Debug;
		};
		5BDAA4862C0B1909007DD2ED /* Release */ = {
			isa = XCBuildConfiguration;
			buildSettings = {
				ALWAYS_EMBED_SWIFT_STANDARD_LIBRARIES = YES;
				BUNDLE_LOADER = "$(TEST_HOST)";
				CODE_SIGN_STYLE = Automatic;
				CURRENT_PROJECT_VERSION = 1;
				DEVELOPMENT_TEAM = M2MF9LH58A;
				GENERATE_INFOPLIST_FILE = YES;
				IPHONEOS_DEPLOYMENT_TARGET = 17.5;
				MARKETING_VERSION = 1.0;
				PRODUCT_BUNDLE_IDENTIFIER = com.Lydia.YoutubeToMVVCTests;
				PRODUCT_NAME = "$(TARGET_NAME)";
				SWIFT_EMIT_LOC_STRINGS = NO;
				SWIFT_VERSION = 5.0;
				TARGETED_DEVICE_FAMILY = "1,2";
				TEST_HOST = "$(BUILT_PRODUCTS_DIR)/YoutubeToMVVM.app/$(BUNDLE_EXECUTABLE_FOLDER_PATH)/YoutubeToMVVM";
			};
			name = Release;
		};
		5BDAA4882C0B1909007DD2ED /* Debug */ = {
			isa = XCBuildConfiguration;
			buildSettings = {
				ALWAYS_EMBED_SWIFT_STANDARD_LIBRARIES = YES;
				CODE_SIGN_STYLE = Automatic;
				CURRENT_PROJECT_VERSION = 1;
				DEVELOPMENT_TEAM = M2MF9LH58A;
				GENERATE_INFOPLIST_FILE = YES;
				MARKETING_VERSION = 1.0;
				PRODUCT_BUNDLE_IDENTIFIER = com.Lydia.YoutubeToMVVCUITests;
				PRODUCT_NAME = "$(TARGET_NAME)";
				SWIFT_EMIT_LOC_STRINGS = NO;
				SWIFT_VERSION = 5.0;
				TARGETED_DEVICE_FAMILY = "1,2";
				TEST_TARGET_NAME = YoutubeToMVVC;
			};
			name = Debug;
		};
		5BDAA4892C0B1909007DD2ED /* Release */ = {
			isa = XCBuildConfiguration;
			buildSettings = {
				ALWAYS_EMBED_SWIFT_STANDARD_LIBRARIES = YES;
				CODE_SIGN_STYLE = Automatic;
				CURRENT_PROJECT_VERSION = 1;
				DEVELOPMENT_TEAM = M2MF9LH58A;
				GENERATE_INFOPLIST_FILE = YES;
				MARKETING_VERSION = 1.0;
				PRODUCT_BUNDLE_IDENTIFIER = com.Lydia.YoutubeToMVVCUITests;
				PRODUCT_NAME = "$(TARGET_NAME)";
				SWIFT_EMIT_LOC_STRINGS = NO;
				SWIFT_VERSION = 5.0;
				TARGETED_DEVICE_FAMILY = "1,2";
				TEST_TARGET_NAME = YoutubeToMVVC;
			};
			name = Release;
		};
/* End XCBuildConfiguration section */

/* Begin XCConfigurationList section */
		5BDAA4522C0B1908007DD2ED /* Build configuration list for PBXProject "YoutubeToMVVM" */ = {
			isa = XCConfigurationList;
			buildConfigurations = (
				5BDAA47F2C0B1909007DD2ED /* Debug */,
				5BDAA4802C0B1909007DD2ED /* Release */,
			);
			defaultConfigurationIsVisible = 0;
			defaultConfigurationName = Release;
		};
		5BDAA4812C0B1909007DD2ED /* Build configuration list for PBXNativeTarget "YoutubeToMVVM" */ = {
			isa = XCConfigurationList;
			buildConfigurations = (
				5BDAA4822C0B1909007DD2ED /* Debug */,
				5BDAA4832C0B1909007DD2ED /* Release */,
			);
			defaultConfigurationIsVisible = 0;
			defaultConfigurationName = Release;
		};
		5BDAA4842C0B1909007DD2ED /* Build configuration list for PBXNativeTarget "YoutubeToMVVMTests" */ = {
			isa = XCConfigurationList;
			buildConfigurations = (
				5BDAA4852C0B1909007DD2ED /* Debug */,
				5BDAA4862C0B1909007DD2ED /* Release */,
			);
			defaultConfigurationIsVisible = 0;
			defaultConfigurationName = Release;
		};
		5BDAA4872C0B1909007DD2ED /* Build configuration list for PBXNativeTarget "YoutubeToMVVMUITests" */ = {
			isa = XCConfigurationList;
			buildConfigurations = (
				5BDAA4882C0B1909007DD2ED /* Debug */,
				5BDAA4892C0B1909007DD2ED /* Release */,
			);
			defaultConfigurationIsVisible = 0;
			defaultConfigurationName = Release;
		};
/* End XCConfigurationList section */
	};
	rootObject = 5BDAA44F2C0B1908007DD2ED /* Project object */;
}
